
Microsoft Visual Studio Solution File, Format Version 12.00
# Visual Studio Version 16
VisualStudioVersion = 16.0.31702.278
MinimumVisualStudioVersion = 10.0.40219.1
Project("{FAE04EC0-301F-11D3-BF4B-00C04F79EFBC}") = "time-zones", "time-zones.csproj", "{5B6A0F8A-3131-4D9B-9049-384AD345FADE}"
EndProject
Global
	GlobalSection(SolutionConfigurationPlatforms) = preSolution
		Debug|Any CPU = Debug|Any CPU
		Release|Any CPU = Release|Any CPU
	EndGlobalSection
	GlobalSection(ProjectConfigurationPlatforms) = postSolution
		{5B6A0F8A-3131-4D9B-9049-384AD345FADE}.Debug|Any CPU.ActiveCfg = Debug|Any CPU
		{5B6A0F8A-3131-4D9B-9049-384AD345FADE}.Debug|Any CPU.Build.0 = Debug|Any CPU
		{5B6A0F8A-3131-4D9B-9049-384AD345FADE}.Release|Any CPU.ActiveCfg = Release|Any CPU
		{5B6A0F8A-3131-4D9B-9049-384AD345FADE}.Release|Any CPU.Build.0 = Release|Any CPU
	EndGlobalSection
	GlobalSection(SolutionProperties) = preSolution
		HideSolutionNode = FALSE
	EndGlobalSection
	GlobalSection(ExtensibilityGlobals) = postSolution
		SolutionGuid = {5AD183BF-B81C-4BE3-AC91-0FB0D4E4E119}
	EndGlobalSection
EndGlobal
